// !$*UTF8*$!
{
	archiveVersion = 1;
	classes = {
	};
	objectVersion = 50;
	objects = {

/* Begin PBXBuildFile section */
		173BB27B210C8BFE00CCEF67 /* AppDelegate.swift in Sources */ = {isa = PBXBuildFile; fileRef = 173BB27A210C8BFE00CCEF67 /* AppDelegate.swift */; };
		173BB27D210C8BFE00CCEF67 /* HomeController.swift in Sources */ = {isa = PBXBuildFile; fileRef = 173BB27C210C8BFE00CCEF67 /* HomeController.swift */; };
		173BB280210C8BFE00CCEF67 /* Main.storyboard in Resources */ = {isa = PBXBuildFile; fileRef = 173BB27E210C8BFE00CCEF67 /* Main.storyboard */; };
		173BB285210C8C0000CCEF67 /* Assets.xcassets in Resources */ = {isa = PBXBuildFile; fileRef = 173BB284210C8C0000CCEF67 /* Assets.xcassets */; };
		173BB288210C8C0000CCEF67 /* LaunchScreen.storyboard in Resources */ = {isa = PBXBuildFile; fileRef = 173BB286210C8C0000CCEF67 /* LaunchScreen.storyboard */; };
		87151AD8B5F0169666020B48 /* Pods_mangolist.framework in Frameworks */ = {isa = PBXBuildFile; fileRef = 5C561F640A61A178F7E2F469 /* Pods_mangolist.framework */; };
/* End PBXBuildFile section */

/* Begin PBXFileReference section */
		0B4AC6EEF3B6C0BB122D395A /* Pods-mangolist.debug.xcconfig */ = {isa = PBXFileReference; includeInIndex = 1; lastKnownFileType = text.xcconfig; name = "Pods-mangolist.debug.xcconfig"; path = "Pods/Target Support Files/Pods-mangolist/Pods-mangolist.debug.xcconfig"; sourceTree = "<group>"; };
		173BB277210C8BFE00CCEF67 /* mangolist.app */ = {isa = PBXFileReference; explicitFileType = wrapper.application; includeInIndex = 0; path = mangolist.app; sourceTree = BUILT_PRODUCTS_DIR; };
		173BB27A210C8BFE00CCEF67 /* AppDelegate.swift */ = {isa = PBXFileReference; lastKnownFileType = sourcecode.swift; path = AppDelegate.swift; sourceTree = "<group>"; };
		173BB27C210C8BFE00CCEF67 /* HomeController.swift */ = {isa = PBXFileReference; lastKnownFileType = sourcecode.swift; path = HomeController.swift; sourceTree = "<group>"; };
		173BB27F210C8BFE00CCEF67 /* Base */ = {isa = PBXFileReference; lastKnownFileType = file.storyboard; name = Base; path = Base.lproj/Main.storyboard; sourceTree = "<group>"; };
		173BB284210C8C0000CCEF67 /* Assets.xcassets */ = {isa = PBXFileReference; lastKnownFileType = folder.assetcatalog; path = Assets.xcassets; sourceTree = "<group>"; };
		173BB287210C8C0000CCEF67 /* Base */ = {isa = PBXFileReference; lastKnownFileType = file.storyboard; name = Base; path = Base.lproj/LaunchScreen.storyboard; sourceTree = "<group>"; };
		173BB289210C8C0000CCEF67 /* Info.plist */ = {isa = PBXFileReference; lastKnownFileType = text.plist.xml; path = Info.plist; sourceTree = "<group>"; };
		39C088D86666A6CA2FC23FF7 /* Pods-mangolist.release.xcconfig */ = {isa = PBXFileReference; includeInIndex = 1; lastKnownFileType = text.xcconfig; name = "Pods-mangolist.release.xcconfig"; path = "Pods/Target Support Files/Pods-mangolist/Pods-mangolist.release.xcconfig"; sourceTree = "<group>"; };
		5C561F640A61A178F7E2F469 /* Pods_mangolist.framework */ = {isa = PBXFileReference; explicitFileType = wrapper.framework; includeInIndex = 0; path = Pods_mangolist.framework; sourceTree = BUILT_PRODUCTS_DIR; };
/* End PBXFileReference section */

/* Begin PBXFrameworksBuildPhase section */
		173BB274210C8BFE00CCEF67 /* Frameworks */ = {
			isa = PBXFrameworksBuildPhase;
			buildActionMask = 2147483647;
			files = (
				87151AD8B5F0169666020B48 /* Pods_mangolist.framework in Frameworks */,
			);
			runOnlyForDeploymentPostprocessing = 0;
		};
/* End PBXFrameworksBuildPhase section */

/* Begin PBXGroup section */
		173BB26E210C8BFE00CCEF67 = {
			isa = PBXGroup;
			children = (
				173BB279210C8BFE00CCEF67 /* mangolist */,
				173BB278210C8BFE00CCEF67 /* Products */,
				E9436E35961BEF95A89E852F /* Pods */,
				6D8BACDE19D039166E55B4E7 /* Frameworks */,
			);
			sourceTree = "<group>";
		};
		173BB278210C8BFE00CCEF67 /* Products */ = {
			isa = PBXGroup;
			children = (
				173BB277210C8BFE00CCEF67 /* mangolist.app */,
			);
			name = Products;
			sourceTree = "<group>";
		};
		173BB279210C8BFE00CCEF67 /* mangolist */ = {
			isa = PBXGroup;
			children = (
				173BB27A210C8BFE00CCEF67 /* AppDelegate.swift */,
				173BB27C210C8BFE00CCEF67 /* HomeController.swift */,
				173BB27E210C8BFE00CCEF67 /* Main.storyboard */,
				173BB284210C8C0000CCEF67 /* Assets.xcassets */,
				173BB286210C8C0000CCEF67 /* LaunchScreen.storyboard */,
				173BB289210C8C0000CCEF67 /* Info.plist */,
			);
			path = mangolist;
			sourceTree = "<group>";
		};
		6D8BACDE19D039166E55B4E7 /* Frameworks */ = {
			isa = PBXGroup;
			children = (
				5C561F640A61A178F7E2F469 /* Pods_mangolist.framework */,
			);
			name = Frameworks;
			sourceTree = "<group>";
		};
		E9436E35961BEF95A89E852F /* Pods */ = {
			isa = PBXGroup;
			children = (
				0B4AC6EEF3B6C0BB122D395A /* Pods-mangolist.debug.xcconfig */,
				39C088D86666A6CA2FC23FF7 /* Pods-mangolist.release.xcconfig */,
			);
			name = Pods;
			sourceTree = "<group>";
		};
/* End PBXGroup section */

/* Begin PBXNativeTarget section */
		173BB276210C8BFE00CCEF67 /* mangolist */ = {
			isa = PBXNativeTarget;
			buildConfigurationList = 173BB28C210C8C0000CCEF67 /* Build configuration list for PBXNativeTarget "mangolist" */;
			buildPhases = (
				2BC917270C9DC083780AF1CE /* [CP] Check Pods Manifest.lock */,
				173BB273210C8BFE00CCEF67 /* Sources */,
				173BB274210C8BFE00CCEF67 /* Frameworks */,
				173BB275210C8BFE00CCEF67 /* Resources */,
				13DF7ABB3350B710CB9F21A2 /* [CP] Embed Pods Frameworks */,
			);
			buildRules = (
			);
			dependencies = (
			);
			name = mangolist;
			productName = mangolist;
			productReference = 173BB277210C8BFE00CCEF67 /* mangolist.app */;
			productType = "com.apple.product-type.application";
		};
/* End PBXNativeTarget section */

/* Begin PBXProject section */
		173BB26F210C8BFE00CCEF67 /* Project object */ = {
			isa = PBXProject;
			attributes = {
				LastSwiftUpdateCheck = 0940;
				LastUpgradeCheck = 0940;
				ORGANIZATIONNAME = hyunsoo;
				TargetAttributes = {
					173BB276210C8BFE00CCEF67 = {
						CreatedOnToolsVersion = 9.4.1;
					};
				};
			};
			buildConfigurationList = 173BB272210C8BFE00CCEF67 /* Build configuration list for PBXProject "mangolist" */;
			compatibilityVersion = "Xcode 9.3";
			developmentRegion = en;
			hasScannedForEncodings = 0;
			knownRegions = (
				en,
				Base,
			);
			mainGroup = 173BB26E210C8BFE00CCEF67;
			productRefGroup = 173BB278210C8BFE00CCEF67 /* Products */;
			projectDirPath = "";
			projectRoot = "";
			targets = (
				173BB276210C8BFE00CCEF67 /* mangolist */,
			);
		};
/* End PBXProject section */

/* Begin PBXResourcesBuildPhase section */
		173BB275210C8BFE00CCEF67 /* Resources */ = {
			isa = PBXResourcesBuildPhase;
			buildActionMask = 2147483647;
			files = (
				173BB288210C8C0000CCEF67 /* LaunchScreen.storyboard in Resources */,
				173BB285210C8C0000CCEF67 /* Assets.xcassets in Resources */,
				173BB280210C8BFE00CCEF67 /* Main.storyboard in Resources */,
			);
			runOnlyForDeploymentPostprocessing = 0;
		};
/* End PBXResourcesBuildPhase section */

/* Begin PBXShellScriptBuildPhase section */
		13DF7ABB3350B710CB9F21A2 /* [CP] Embed Pods Frameworks */ = {
			isa = PBXShellScriptBuildPhase;
			buildActionMask = 2147483647;
			files = (
			);
			inputPaths = (
				"${SRCROOT}/Pods/Target Support Files/Pods-mangolist/Pods-mangolist-frameworks.sh",
				"${BUILT_PRODUCTS_DIR}/Alamofire/Alamofire.framework",
				"${BUILT_PRODUCTS_DIR}/LBTAComponents/LBTAComponents.framework",
				"${BUILT_PRODUCTS_DIR}/RxCocoa/RxCocoa.framework",
				"${BUILT_PRODUCTS_DIR}/RxSwift/RxSwift.framework",
			);
			name = "[CP] Embed Pods Frameworks";
			outputPaths = (
				"${TARGET_BUILD_DIR}/${FRAMEWORKS_FOLDER_PATH}/Alamofire.framework",
				"${TARGET_BUILD_DIR}/${FRAMEWORKS_FOLDER_PATH}/LBTAComponents.framework",
				"${TARGET_BUILD_DIR}/${FRAMEWORKS_FOLDER_PATH}/RxCocoa.framework",
				"${TARGET_BUILD_DIR}/${FRAMEWORKS_FOLDER_PATH}/RxSwift.framework",
			);
			runOnlyForDeploymentPostprocessing = 0;
			shellPath = /bin/sh;
			shellScript = "\"${SRCROOT}/Pods/Target Support Files/Pods-mangolist/Pods-mangolist-frameworks.sh\"\n";
			showEnvVarsInLog = 0;
		};
		2BC917270C9DC083780AF1CE /* [CP] Check Pods Manifest.lock */ = {
			isa = PBXShellScriptBuildPhase;
			buildActionMask = 2147483647;
			files = (
			);
			inputPaths = (
				"${PODS_PODFILE_DIR_PATH}/Podfile.lock",
				"${PODS_ROOT}/Manifest.lock",
			);
			name = "[CP] Check Pods Manifest.lock";
			outputPaths = (
				"$(DERIVED_FILE_DIR)/Pods-mangolist-checkManifestLockResult.txt",
			);
			runOnlyForDeploymentPostprocessing = 0;
			shellPath = /bin/sh;
			shellScript = "diff \"${PODS_PODFILE_DIR_PATH}/Podfile.lock\" \"${PODS_ROOT}/Manifest.lock\" > /dev/null\nif [ $? != 0 ] ; then\n    # print error to STDERR\n    echo \"error: The sandbox is not in sync with the Podfile.lock. Run 'pod install' or update your CocoaPods installation.\" >&2\n    exit 1\nfi\n# This output is used by Xcode 'outputs' to avoid re-running this script phase.\necho \"SUCCESS\" > \"${SCRIPT_OUTPUT_FILE_0}\"\n";
			showEnvVarsInLog = 0;
		};
/* End PBXShellScriptBuildPhase section */

/* Begin PBXSourcesBuildPhase section */
		173BB273210C8BFE00CCEF67 /* Sources */ = {
			isa = PBXSourcesBuildPhase;
			buildActionMask = 2147483647;
			files = (
				173BB27D210C8BFE00CCEF67 /* HomeController.swift in Sources */,
				173BB27B210C8BFE00CCEF67 /* AppDelegate.swift in Sources */,
			);
			runOnlyForDeploymentPostprocessing = 0;
		};
/* End PBXSourcesBuildPhase section */

/* Begin PBXVariantGroup section */
		173BB27E210C8BFE00CCEF67 /* Main.storyboard */ = {
			isa = PBXVariantGroup;
			children = (
				173BB27F210C8BFE00CCEF67 /* Base */,
			);
			name = Main.storyboard;
			sourceTree = "<group>";
		};
		173BB286210C8C0000CCEF67 /* LaunchScreen.storyboard */ = {
			isa = PBXVariantGroup;
			children = (
				173BB287210C8C0000CCEF67 /* Base */,
			);
			name = LaunchScreen.storyboard;
			sourceTree = "<group>";
		};
/* End PBXVariantGroup section */

/* Begin XCBuildConfiguration section */
		173BB28A210C8C0000CCEF67 /* Debug */ = {
			isa = XCBuildConfiguration;
			buildSettings = {
				ALWAYS_SEARCH_USER_PATHS = NO;
				CLANG_ANALYZER_NONNULL = YES;
				CLANG_ANALYZER_NUMBER_OBJECT_CONVERSION = YES_AGGRESSIVE;
				CLANG_CXX_LANGUAGE_STANDARD = "gnu++14";
				CLANG_CXX_LIBRARY = "libc++";
				CLANG_ENABLE_MODULES = YES;
				CLANG_ENABLE_OBJC_ARC = YES;
				CLANG_ENABLE_OBJC_WEAK = YES;
				CLANG_WARN_BLOCK_CAPTURE_AUTORELEASING = YES;
				CLANG_WARN_BOOL_CONVERSION = YES;
				CLANG_WARN_COMMA = YES;
				CLANG_WARN_CONSTANT_CONVERSION = YES;
				CLANG_WARN_DEPRECATED_OBJC_IMPLEMENTATIONS = YES;
				CLANG_WARN_DIRECT_OBJC_ISA_USAGE = YES_ERROR;
				CLANG_WARN_DOCUMENTATION_COMMENTS = YES;
				CLANG_WARN_EMPTY_BODY = YES;
				CLANG_WARN_ENUM_CONVERSION = YES;
				CLANG_WARN_INFINITE_RECURSION = YES;
				CLANG_WARN_INT_CONVERSION = YES;
				CLANG_WARN_NON_LITERAL_NULL_CONVERSION = YES;
				CLANG_WARN_OBJC_IMPLICIT_RETAIN_SELF = YES;
				CLANG_WARN_OBJC_LITERAL_CONVERSION = YES;
				CLANG_WARN_OBJC_ROOT_CLASS = YES_ERROR;
				CLANG_WARN_RANGE_LOOP_ANALYSIS = YES;
				CLANG_WARN_STRICT_PROTOTYPES = YES;
				CLANG_WARN_SUSPICIOUS_MOVE = YES;
				CLANG_WARN_UNGUARDED_AVAILABILITY = YES_AGGRESSIVE;
				CLANG_WARN_UNREACHABLE_CODE = YES;
				CLANG_WARN__DUPLICATE_METHOD_MATCH = YES;
				CODE_SIGN_IDENTITY = "iPhone Developer";
				COPY_PHASE_STRIP = NO;
				DEBUG_INFORMATION_FORMAT = dwarf;
				ENABLE_STRICT_OBJC_MSGSEND = YES;
				ENABLE_TESTABILITY = YES;
				GCC_C_LANGUAGE_STANDARD = gnu11;
				GCC_DYNAMIC_NO_PIC = NO;
				GCC_NO_COMMON_BLOCKS = YES;
				GCC_OPTIMIZATION_LEVEL = 0;
				GCC_PREPROCESSOR_DEFINITIONS = (
					"DEBUG=1",
					"$(inherited)",
				);
				GCC_WARN_64_TO_32_BIT_CONVERSION = YES;
				GCC_WARN_ABOUT_RETURN_TYPE = YES_ERROR;
				GCC_WARN_UNDECLARED_SELECTOR = YES;
				GCC_WARN_UNINITIALIZED_AUTOS = YES_AGGRESSIVE;
				GCC_WARN_UNUSED_FUNCTION = YES;
				GCC_WARN_UNUSED_VARIABLE = YES;
				IPHONEOS_DEPLOYMENT_TARGET = 11.4;
				MTL_ENABLE_DEBUG_INFO = YES;
				ONLY_ACTIVE_ARCH = YES;
				SDKROOT = iphoneos;
				SWIFT_ACTIVE_COMPILATION_CONDITIONS = DEBUG;
				SWIFT_OPTIMIZATION_LEVEL = "-Onone";
			};
			name = Debug;
		};
		173BB28B210C8C0000CCEF67 /* Release */ = {
			isa = XCBuildConfiguration;
			buildSettings = {
				ALWAYS_SEARCH_USER_PATHS = NO;
				CLANG_ANALYZER_NONNULL = YES;
				CLANG_ANALYZER_NUMBER_OBJECT_CONVERSION = YES_AGGRESSIVE;
				CLANG_CXX_LANGUAGE_STANDARD = "gnu++14";
				CLANG_CXX_LIBRARY = "libc++";
				CLANG_ENABLE_MODULES = YES;
				CLANG_ENABLE_OBJC_ARC = YES;
				CLANG_ENABLE_OBJC_WEAK = YES;
				CLANG_WARN_BLOCK_CAPTURE_AUTORELEASING = YES;
				CLANG_WARN_BOOL_CONVERSION = YES;
				CLANG_WARN_COMMA = YES;
				CLANG_WARN_CONSTANT_CONVERSION = YES;
				CLANG_WARN_DEPRECATED_OBJC_IMPLEMENTATIONS = YES;
				CLANG_WARN_DIRECT_OBJC_ISA_USAGE = YES_ERROR;
				CLANG_WARN_DOCUMENTATION_COMMENTS = YES;
				CLANG_WARN_EMPTY_BODY = YES;
				CLANG_WARN_ENUM_CONVERSION = YES;
				CLANG_WARN_INFINITE_RECURSION = YES;
				CLANG_WARN_INT_CONVERSION = YES;
				CLANG_WARN_NON_LITERAL_NULL_CONVERSION = YES;
				CLANG_WARN_OBJC_IMPLICIT_RETAIN_SELF = YES;
				CLANG_WARN_OBJC_LITERAL_CONVERSION = YES;
				CLANG_WARN_OBJC_ROOT_CLASS = YES_ERROR;
				CLANG_WARN_RANGE_LOOP_ANALYSIS = YES;
				CLANG_WARN_STRICT_PROTOTYPES = YES;
				CLANG_WARN_SUSPICIOUS_MOVE = YES;
				CLANG_WARN_UNGUARDED_AVAILABILITY = YES_AGGRESSIVE;
				CLANG_WARN_UNREACHABLE_CODE = YES;
				CLANG_WARN__DUPLICATE_METHOD_MATCH = YES;
				CODE_SIGN_IDENTITY = "iPhone Developer";
				COPY_PHASE_STRIP = NO;
				DEBUG_INFORMATION_FORMAT = "dwarf-with-dsym";
				ENABLE_NS_ASSERTIONS = NO;
				ENABLE_STRICT_OBJC_MSGSEND = YES;
				GCC_C_LANGUAGE_STANDARD = gnu11;
				GCC_NO_COMMON_BLOCKS = YES;
				GCC_WARN_64_TO_32_BIT_CONVERSION = YES;
				GCC_WARN_ABOUT_RETURN_TYPE = YES_ERROR;
				GCC_WARN_UNDECLARED_SELECTOR = YES;
				GCC_WARN_UNINITIALIZED_AUTOS = YES_AGGRESSIVE;
				GCC_WARN_UNUSED_FUNCTION = YES;
				GCC_WARN_UNUSED_VARIABLE = YES;
				IPHONEOS_DEPLOYMENT_TARGET = 11.4;
				MTL_ENABLE_DEBUG_INFO = NO;
				SDKROOT = iphoneos;
				SWIFT_COMPILATION_MODE = wholemodule;
				SWIFT_OPTIMIZATION_LEVEL = "-O";
				VALIDATE_PRODUCT = YES;
			};
			name = Release;
		};
		173BB28D210C8C0000CCEF67 /* Debug */ = {
			isa = XCBuildConfiguration;
			baseConfigurationReference = 0B4AC6EEF3B6C0BB122D395A /* Pods-mangolist.debug.xcconfig */;
			buildSettings = {
				ASSETCATALOG_COMPILER_APPICON_NAME = AppIcon;
				CODE_SIGN_STYLE = Manual;
				DEVELOPMENT_TEAM = ACE9KE4UN9;
				INFOPLIST_FILE = mangolist/Info.plist;
				LD_RUNPATH_SEARCH_PATHS = (
					"$(inherited)",
					"@executable_path/Frameworks",
				);
				PRODUCT_BUNDLE_IDENTIFIER = han.hyunsoo.mangolist;
				PRODUCT_NAME = "$(TARGET_NAME)";
				PROVISIONING_PROFILE = "014ee10f-f831-41ef-8daa-898a2c999b3b";
				PROVISIONING_PROFILE_SPECIFIER = Wildcard;
				SWIFT_VERSION = 4.0;
				TARGETED_DEVICE_FAMILY = "1,2";
			};
			name = Debug;
		};
		173BB28E210C8C0000CCEF67 /* Release */ = {
			isa = XCBuildConfiguration;
			baseConfigurationReference = 39C088D86666A6CA2FC23FF7 /* Pods-mangolist.release.xcconfig */;
			buildSettings = {
				ASSETCATALOG_COMPILER_APPICON_NAME = AppIcon;
				CODE_SIGN_STYLE = Manual;
				DEVELOPMENT_TEAM = ACE9KE4UN9;
				INFOPLIST_FILE = mangolist/Info.plist;
				LD_RUNPATH_SEARCH_PATHS = (
					"$(inherited)",
					"@executable_path/Frameworks",
				);
				PRODUCT_BUNDLE_IDENTIFIER = han.hyunsoo.mangolist;
				PRODUCT_NAME = "$(TARGET_NAME)";
				PROVISIONING_PROFILE = "014ee10f-f831-41ef-8daa-898a2c999b3b";
				PROVISIONING_PROFILE_SPECIFIER = Wildcard;
				SWIFT_VERSION = 4.0;
				TARGETED_DEVICE_FAMILY = "1,2";
			};
			name = Release;
		};
/* End XCBuildConfiguration section */

/* Begin XCConfigurationList section */
		173BB272210C8BFE00CCEF67 /* Build configuration list for PBXProject "mangolist" */ = {
			isa = XCConfigurationList;
			buildConfigurations = (
				173BB28A210C8C0000CCEF67 /* Debug */,
				173BB28B210C8C0000CCEF67 /* Release */,
			);
			defaultConfigurationIsVisible = 0;
			defaultConfigurationName = Release;
		};
		173BB28C210C8C0000CCEF67 /* Build configuration list for PBXNativeTarget "mangolist" */ = {
			isa = XCConfigurationList;
			buildConfigurations = (
				173BB28D210C8C0000CCEF67 /* Debug */,
				173BB28E210C8C0000CCEF67 /* Release */,
			);
			defaultConfigurationIsVisible = 0;
			defaultConfigurationName = Release;
		};
/* End XCConfigurationList section */
	};
	rootObject = 173BB26F210C8BFE00CCEF67 /* Project object */;
}
